
Microsoft Visual Studio Solution File, Format Version 12.00
# Visual Studio 15
Project("{FAE04EC0-301F-11D3-BF4B-00C04F79EFBC}") = "Supermarket.API", "Supermarket.API\Supermarket.API.csproj", "{9A1B21C4-1618-440C-9DBD-58643368FC65}"
EndProject
Project("{FAE04EC0-301F-11D3-BF4B-00C04F79EFBC}") = "Supermarket.API.Test", "Supermarket.API.Test\Supermarket.API.Test.csproj", "{78A0F17A-EC1A-4FC6-B5F6-0258577DFD73}"
EndProject
Global
	GlobalSection(SolutionConfigurationPlatforms) = preSolution
		Debug|Any CPU = Debug|Any CPU
		Release|Any CPU = Release|Any CPU
	EndGlobalSection
	GlobalSection(ProjectConfigurationPlatforms) = postSolution
		{9A1B21C4-1618-440C-9DBD-58643368FC65}.Debug|Any CPU.ActiveCfg = Debug|Any CPU
		{9A1B21C4-1618-440C-9DBD-58643368FC65}.Debug|Any CPU.Build.0 = Debug|Any CPU
		{9A1B21C4-1618-440C-9DBD-58643368FC65}.Release|Any CPU.ActiveCfg = Release|Any CPU
		{9A1B21C4-1618-440C-9DBD-58643368FC65}.Release|Any CPU.Build.0 = Release|Any CPU
		{78A0F17A-EC1A-4FC6-B5F6-0258577DFD73}.Debug|Any CPU.ActiveCfg = Debug|Any CPU
		{78A0F17A-EC1A-4FC6-B5F6-0258577DFD73}.Debug|Any CPU.Build.0 = Debug|Any CPU
		{78A0F17A-EC1A-4FC6-B5F6-0258577DFD73}.Release|Any CPU.ActiveCfg = Release|Any CPU
		{78A0F17A-EC1A-4FC6-B5F6-0258577DFD73}.Release|Any CPU.Build.0 = Release|Any CPU
	EndGlobalSection
EndGlobal
